
Microsoft Visual Studio Solution File, Format Version 12.00
# Visual Studio 2013
VisualStudioVersion = 12.0.40629.0
MinimumVisualStudioVersion = 10.0.40219.1
Project("{8BC9CEB8-8B4A-11D0-8D11-00A0C91BC942}") = "SASM", "SASM.vcxproj", "{BCB10A11-73B1-38C8-A4F3-47BF14C8460C}"
EndProject
Global
	GlobalSection(SolutionConfigurationPlatforms) = preSolution
		Debug|Win32 = Debug|Win32
		Release|Win32 = Release|Win32
	EndGlobalSection
	GlobalSection(ProjectConfigurationPlatforms) = postSolution
		{BCB10A11-73B1-38C8-A4F3-47BF14C8460C}.Debug|Win32.ActiveCfg = Debug|Win32
		{BCB10A11-73B1-38C8-A4F3-47BF14C8460C}.Debug|Win32.Build.0 = Debug|Win32
		{BCB10A11-73B1-38C8-A4F3-47BF14C8460C}.Release|Win32.ActiveCfg = Release|Win32
		{BCB10A11-73B1-38C8-A4F3-47BF14C8460C}.Release|Win32.Build.0 = Release|Win32
	EndGlobalSection
	GlobalSection(SolutionProperties) = preSolution
		HideSolutionNode = FALSE
	EndGlobalSection
EndGlobal
